
Microsoft Visual Studio Solution File, Format Version 12.00
# Visual Studio 14
VisualStudioVersion = 14.0.25420.1
MinimumVisualStudioVersion = 10.0.40219.1
Project("{FAE04EC0-301F-11D3-BF4B-00C04F79EFBC}") = "struct1", "struct1\struct1.csproj", "{47D24523-DB4C-4880-815E-680FAE4E85D9}"
EndProject
Project("{FAE04EC0-301F-11D3-BF4B-00C04F79EFBC}") = "struct2", "struct2\struct2.csproj", "{1A473FAF-5653-461D-AB38-5CB4C6A9A48B}"
EndProject
Global
	GlobalSection(SolutionConfigurationPlatforms) = preSolution
		Debug|Any CPU = Debug|Any CPU
		Release|Any CPU = Release|Any CPU
	EndGlobalSection
	GlobalSection(ProjectConfigurationPlatforms) = postSolution
		{47D24523-DB4C-4880-815E-680FAE4E85D9}.Debug|Any CPU.ActiveCfg = Debug|Any CPU
		{47D24523-DB4C-4880-815E-680FAE4E85D9}.Debug|Any CPU.Build.0 = Debug|Any CPU
		{47D24523-DB4C-4880-815E-680FAE4E85D9}.Release|Any CPU.ActiveCfg = Release|Any CPU
		{47D24523-DB4C-4880-815E-680FAE4E85D9}.Release|Any CPU.Build.0 = Release|Any CPU
		{1A473FAF-5653-461D-AB38-5CB4C6A9A48B}.Debug|Any CPU.ActiveCfg = Debug|Any CPU
		{1A473FAF-5653-461D-AB38-5CB4C6A9A48B}.Debug|Any CPU.Build.0 = Debug|Any CPU
		{1A473FAF-5653-461D-AB38-5CB4C6A9A48B}.Release|Any CPU.ActiveCfg = Release|Any CPU
		{1A473FAF-5653-461D-AB38-5CB4C6A9A48B}.Release|Any CPU.Build.0 = Release|Any CPU
	EndGlobalSection
	GlobalSection(SolutionProperties) = preSolution
		HideSolutionNode = FALSE
	EndGlobalSection
EndGlobal
